
Microsoft Visual Studio Solution File, Format Version 12.00
# Visual Studio Version 16
VisualStudioVersion = 16.0.34601.136
MinimumVisualStudioVersion = 10.0.40219.1
Project("{FAE04EC0-301F-11D3-BF4B-00C04F79EFBC}") = "lab2.1", "lab2.1\lab2.1.csproj", "{76D6EDA8-227E-48B3-A201-A241C82F2AC0}"
EndProject
Global
	GlobalSection(SolutionConfigurationPlatforms) = preSolution
		Debug|Any CPU = Debug|Any CPU
		Release|Any CPU = Release|Any CPU
	EndGlobalSection
	GlobalSection(ProjectConfigurationPlatforms) = postSolution
		{76D6EDA8-227E-48B3-A201-A241C82F2AC0}.Debug|Any CPU.ActiveCfg = Debug|Any CPU
		{76D6EDA8-227E-48B3-A201-A241C82F2AC0}.Debug|Any CPU.Build.0 = Debug|Any CPU
		{76D6EDA8-227E-48B3-A201-A241C82F2AC0}.Release|Any CPU.ActiveCfg = Release|Any CPU
		{76D6EDA8-227E-48B3-A201-A241C82F2AC0}.Release|Any CPU.Build.0 = Release|Any CPU
	EndGlobalSection
	GlobalSection(SolutionProperties) = preSolution
		HideSolutionNode = FALSE
	EndGlobalSection
	GlobalSection(ExtensibilityGlobals) = postSolution
		SolutionGuid = {2E43F0EA-EF8C-4258-9F6E-F72A824D63E6}
	EndGlobalSection
EndGlobal
